
Microsoft Visual Studio Solution File, Format Version 12.00
# Visual Studio Version 17
VisualStudioVersion = 17.6.33723.286
MinimumVisualStudioVersion = 10.0.40219.1
Project("{FAE04EC0-301F-11D3-BF4B-00C04F79EFBC}") = "les2_TreeView", "les2_TreeView\les2_TreeView.csproj", "{AF69A38C-9F42-4AE7-A1BA-FB9FA91F477E}"
EndProject
Global
	GlobalSection(SolutionConfigurationPlatforms) = preSolution
		Debug|Any CPU = Debug|Any CPU
		Release|Any CPU = Release|Any CPU
	EndGlobalSection
	GlobalSection(ProjectConfigurationPlatforms) = postSolution
		{AF69A38C-9F42-4AE7-A1BA-FB9FA91F477E}.Debug|Any CPU.ActiveCfg = Debug|Any CPU
		{AF69A38C-9F42-4AE7-A1BA-FB9FA91F477E}.Debug|Any CPU.Build.0 = Debug|Any CPU
		{AF69A38C-9F42-4AE7-A1BA-FB9FA91F477E}.Release|Any CPU.ActiveCfg = Release|Any CPU
		{AF69A38C-9F42-4AE7-A1BA-FB9FA91F477E}.Release|Any CPU.Build.0 = Release|Any CPU
	EndGlobalSection
	GlobalSection(SolutionProperties) = preSolution
		HideSolutionNode = FALSE
	EndGlobalSection
	GlobalSection(ExtensibilityGlobals) = postSolution
		SolutionGuid = {5E504A0D-5103-44D8-800F-01144AA16FC8}
	EndGlobalSection
EndGlobal
